// !$*UTF8*$!
{
	archiveVersion = 1;
	classes = {
	};
	objectVersion = 50;
	objects = {

/* Begin PBXBuildFile section */
		6CF8F2D12343A5A500401B94 /* AppDelegate.swift in Sources */ = {isa = PBXBuildFile; fileRef = 6CF8F2D02343A5A500401B94 /* AppDelegate.swift */; };
		6CF8F2D32343A5A500401B94 /* ViewController.swift in Sources */ = {isa = PBXBuildFile; fileRef = 6CF8F2D22343A5A500401B94 /* ViewController.swift */; };
		6CF8F2D62343A5A500401B94 /* Main.storyboard in Resources */ = {isa = PBXBuildFile; fileRef = 6CF8F2D42343A5A500401B94 /* Main.storyboard */; };
		6CF8F2D82343A5AE00401B94 /* Assets.xcassets in Resources */ = {isa = PBXBuildFile; fileRef = 6CF8F2D72343A5AE00401B94 /* Assets.xcassets */; };
		6CF8F2DB2343A5AE00401B94 /* LaunchScreen.storyboard in Resources */ = {isa = PBXBuildFile; fileRef = 6CF8F2D92343A5AE00401B94 /* LaunchScreen.storyboard */; };
		6CF8F2E62343A5AE00401B94 /* Final_Grade_CalculatorTests.swift in Sources */ = {isa = PBXBuildFile; fileRef = 6CF8F2E52343A5AE00401B94 /* Final_Grade_CalculatorTests.swift */; };
		6CF8F2F12343A5AE00401B94 /* Final_Grade_CalculatorUITests.swift in Sources */ = {isa = PBXBuildFile; fileRef = 6CF8F2F02343A5AE00401B94 /* Final_Grade_CalculatorUITests.swift */; };
/* End PBXBuildFile section */

/* Begin PBXContainerItemProxy section */
		6CF8F2E22343A5AE00401B94 /* PBXContainerItemProxy */ = {
			isa = PBXContainerItemProxy;
			containerPortal = 6CF8F2C52343A5A400401B94 /* Project object */;
			proxyType = 1;
			remoteGlobalIDString = 6CF8F2CC2343A5A400401B94;
			remoteInfo = "Final Grade Calculator";
		};
		6CF8F2ED2343A5AE00401B94 /* PBXContainerItemProxy */ = {
			isa = PBXContainerItemProxy;
			containerPortal = 6CF8F2C52343A5A400401B94 /* Project object */;
			proxyType = 1;
			remoteGlobalIDString = 6CF8F2CC2343A5A400401B94;
			remoteInfo = "Final Grade Calculator";
		};
/* End PBXContainerItemProxy section */

/* Begin PBXFileReference section */
		6CF8F2CD2343A5A400401B94 /* Final Grade Calculator.app */ = {isa = PBXFileReference; explicitFileType = wrapper.application; includeInIndex = 0; path = "Final Grade Calculator.app"; sourceTree = BUILT_PRODUCTS_DIR; };
		6CF8F2D02343A5A500401B94 /* AppDelegate.swift */ = {isa = PBXFileReference; lastKnownFileType = sourcecode.swift; path = AppDelegate.swift; sourceTree = "<group>"; };
		6CF8F2D22343A5A500401B94 /* ViewController.swift */ = {isa = PBXFileReference; lastKnownFileType = sourcecode.swift; path = ViewController.swift; sourceTree = "<group>"; };
		6CF8F2D52343A5A500401B94 /* Base */ = {isa = PBXFileReference; lastKnownFileType = file.storyboard; name = Base; path = Base.lproj/Main.storyboard; sourceTree = "<group>"; };
		6CF8F2D72343A5AE00401B94 /* Assets.xcassets */ = {isa = PBXFileReference; lastKnownFileType = folder.assetcatalog; path = Assets.xcassets; sourceTree = "<group>"; };
		6CF8F2DA2343A5AE00401B94 /* Base */ = {isa = PBXFileReference; lastKnownFileType = file.storyboard; name = Base; path = Base.lproj/LaunchScreen.storyboard; sourceTree = "<group>"; };
		6CF8F2DC2343A5AE00401B94 /* Info.plist */ = {isa = PBXFileReference; lastKnownFileType = text.plist.xml; path = Info.plist; sourceTree = "<group>"; };
		6CF8F2E12343A5AE00401B94 /* Final Grade CalculatorTests.xctest */ = {isa = PBXFileReference; explicitFileType = wrapper.cfbundle; includeInIndex = 0; path = "Final Grade CalculatorTests.xctest"; sourceTree = BUILT_PRODUCTS_DIR; };
		6CF8F2E52343A5AE00401B94 /* Final_Grade_CalculatorTests.swift */ = {isa = PBXFileReference; lastKnownFileType = sourcecode.swift; path = Final_Grade_CalculatorTests.swift; sourceTree = "<group>"; };
		6CF8F2E72343A5AE00401B94 /* Info.plist */ = {isa = PBXFileReference; lastKnownFileType = text.plist.xml; path = Info.plist; sourceTree = "<group>"; };
		6CF8F2EC2343A5AE00401B94 /* Final Grade CalculatorUITests.xctest */ = {isa = PBXFileReference; explicitFileType = wrapper.cfbundle; includeInIndex = 0; path = "Final Grade CalculatorUITests.xctest"; sourceTree = BUILT_PRODUCTS_DIR; };
		6CF8F2F02343A5AE00401B94 /* Final_Grade_CalculatorUITests.swift */ = {isa = PBXFileReference; lastKnownFileType = sourcecode.swift; path = Final_Grade_CalculatorUITests.swift; sourceTree = "<group>"; };
		6CF8F2F22343A5AE00401B94 /* Info.plist */ = {isa = PBXFileReference; lastKnownFileType = text.plist.xml; path = Info.plist; sourceTree = "<group>"; };
/* End PBXFileReference section */

/* Begin PBXFrameworksBuildPhase section */
		6CF8F2CA2343A5A400401B94 /* Frameworks */ = {
			isa = PBXFrameworksBuildPhase;
			buildActionMask = 2147483647;
			files = (
			);
			runOnlyForDeploymentPostprocessing = 0;
		};
		6CF8F2DE2343A5AE00401B94 /* Frameworks */ = {
			isa = PBXFrameworksBuildPhase;
			buildActionMask = 2147483647;
			files = (
			);
			runOnlyForDeploymentPostprocessing = 0;
		};
		6CF8F2E92343A5AE00401B94 /* Frameworks */ = {
			isa = PBXFrameworksBuildPhase;
			buildActionMask = 2147483647;
			files = (
			);
			runOnlyForDeploymentPostprocessing = 0;
		};
/* End PBXFrameworksBuildPhase section */

/* Begin PBXGroup section */
		6CF8F2C42343A5A400401B94 = {
			isa = PBXGroup;
			children = (
				6CF8F2CF2343A5A400401B94 /* Final Grade Calculator */,
				6CF8F2E42343A5AE00401B94 /* Final Grade CalculatorTests */,
				6CF8F2EF2343A5AE00401B94 /* Final Grade CalculatorUITests */,
				6CF8F2CE2343A5A400401B94 /* Products */,
			);
			sourceTree = "<group>";
		};
		6CF8F2CE2343A5A400401B94 /* Products */ = {
			isa = PBXGroup;
			children = (
				6CF8F2CD2343A5A400401B94 /* Final Grade Calculator.app */,
				6CF8F2E12343A5AE00401B94 /* Final Grade CalculatorTests.xctest */,
				6CF8F2EC2343A5AE00401B94 /* Final Grade CalculatorUITests.xctest */,
			);
			name = Products;
			sourceTree = "<group>";
		};
		6CF8F2CF2343A5A400401B94 /* Final Grade Calculator */ = {
			isa = PBXGroup;
			children = (
				6CF8F2D02343A5A500401B94 /* AppDelegate.swift */,
				6CF8F2D22343A5A500401B94 /* ViewController.swift */,
				6CF8F2D42343A5A500401B94 /* Main.storyboard */,
				6CF8F2D72343A5AE00401B94 /* Assets.xcassets */,
				6CF8F2D92343A5AE00401B94 /* LaunchScreen.storyboard */,
				6CF8F2DC2343A5AE00401B94 /* Info.plist */,
			);
			path = "Final Grade Calculator";
			sourceTree = "<group>";
		};
		6CF8F2E42343A5AE00401B94 /* Final Grade CalculatorTests */ = {
			isa = PBXGroup;
			children = (
				6CF8F2E52343A5AE00401B94 /* Final_Grade_CalculatorTests.swift */,
				6CF8F2E72343A5AE00401B94 /* Info.plist */,
			);
			path = "Final Grade CalculatorTests";
			sourceTree = "<group>";
		};
		6CF8F2EF2343A5AE00401B94 /* Final Grade CalculatorUITests */ = {
			isa = PBXGroup;
			children = (
				6CF8F2F02343A5AE00401B94 /* Final_Grade_CalculatorUITests.swift */,
				6CF8F2F22343A5AE00401B94 /* Info.plist */,
			);
			path = "Final Grade CalculatorUITests";
			sourceTree = "<group>";
		};
/* End PBXGroup section */

/* Begin PBXNativeTarget section */
		6CF8F2CC2343A5A400401B94 /* Final Grade Calculator */ = {
			isa = PBXNativeTarget;
			buildConfigurationList = 6CF8F2F52343A5AE00401B94 /* Build configuration list for PBXNativeTarget "Final Grade Calculator" */;
			buildPhases = (
				6CF8F2C92343A5A400401B94 /* Sources */,
				6CF8F2CA2343A5A400401B94 /* Frameworks */,
				6CF8F2CB2343A5A400401B94 /* Resources */,
			);
			buildRules = (
			);
			dependencies = (
			);
			name = "Final Grade Calculator";
			productName = "Final Grade Calculator";
			productReference = 6CF8F2CD2343A5A400401B94 /* Final Grade Calculator.app */;
			productType = "com.apple.product-type.application";
		};
		6CF8F2E02343A5AE00401B94 /* Final Grade CalculatorTests */ = {
			isa = PBXNativeTarget;
			buildConfigurationList = 6CF8F2F82343A5AE00401B94 /* Build configuration list for PBXNativeTarget "Final Grade CalculatorTests" */;
			buildPhases = (
				6CF8F2DD2343A5AE00401B94 /* Sources */,
				6CF8F2DE2343A5AE00401B94 /* Frameworks */,
				6CF8F2DF2343A5AE00401B94 /* Resources */,
			);
			buildRules = (
			);
			dependencies = (
				6CF8F2E32343A5AE00401B94 /* PBXTargetDependency */,
			);
			name = "Final Grade CalculatorTests";
			productName = "Final Grade CalculatorTests";
			productReference = 6CF8F2E12343A5AE00401B94 /* Final Grade CalculatorTests.xctest */;
			productType = "com.apple.product-type.bundle.unit-test";
		};
		6CF8F2EB2343A5AE00401B94 /* Final Grade CalculatorUITests */ = {
			isa = PBXNativeTarget;
			buildConfigurationList = 6CF8F2FB2343A5AE00401B94 /* Build configuration list for PBXNativeTarget "Final Grade CalculatorUITests" */;
			buildPhases = (
				6CF8F2E82343A5AE00401B94 /* Sources */,
				6CF8F2E92343A5AE00401B94 /* Frameworks */,
				6CF8F2EA2343A5AE00401B94 /* Resources */,
			);
			buildRules = (
			);
			dependencies = (
				6CF8F2EE2343A5AE00401B94 /* PBXTargetDependency */,
			);
			name = "Final Grade CalculatorUITests";
			productName = "Final Grade CalculatorUITests";
			productReference = 6CF8F2EC2343A5AE00401B94 /* Final Grade CalculatorUITests.xctest */;
			productType = "com.apple.product-type.bundle.ui-testing";
		};
/* End PBXNativeTarget section */

/* Begin PBXProject section */
		6CF8F2C52343A5A400401B94 /* Project object */ = {
			isa = PBXProject;
			attributes = {
				LastSwiftUpdateCheck = 1030;
				LastUpgradeCheck = 1030;
				ORGANIZATIONNAME = "mkarpov@bhs";
				TargetAttributes = {
					6CF8F2CC2343A5A400401B94 = {
						CreatedOnToolsVersion = 10.3;
					};
					6CF8F2E02343A5AE00401B94 = {
						CreatedOnToolsVersion = 10.3;
						TestTargetID = 6CF8F2CC2343A5A400401B94;
					};
					6CF8F2EB2343A5AE00401B94 = {
						CreatedOnToolsVersion = 10.3;
						TestTargetID = 6CF8F2CC2343A5A400401B94;
					};
				};
			};
			buildConfigurationList = 6CF8F2C82343A5A400401B94 /* Build configuration list for PBXProject "Final Grade Calculator" */;
			compatibilityVersion = "Xcode 9.3";
			developmentRegion = en;
			hasScannedForEncodings = 0;
			knownRegions = (
				en,
				Base,
			);
			mainGroup = 6CF8F2C42343A5A400401B94;
			productRefGroup = 6CF8F2CE2343A5A400401B94 /* Products */;
			projectDirPath = "";
			projectRoot = "";
			targets = (
				6CF8F2CC2343A5A400401B94 /* Final Grade Calculator */,
				6CF8F2E02343A5AE00401B94 /* Final Grade CalculatorTests */,
				6CF8F2EB2343A5AE00401B94 /* Final Grade CalculatorUITests */,
			);
		};
/* End PBXProject section */

/* Begin PBXResourcesBuildPhase section */
		6CF8F2CB2343A5A400401B94 /* Resources */ = {
			isa = PBXResourcesBuildPhase;
			buildActionMask = 2147483647;
			files = (
				6CF8F2DB2343A5AE00401B94 /* LaunchScreen.storyboard in Resources */,
				6CF8F2D82343A5AE00401B94 /* Assets.xcassets in Resources */,
				6CF8F2D62343A5A500401B94 /* Main.storyboard in Resources */,
			);
			runOnlyForDeploymentPostprocessing = 0;
		};
		6CF8F2DF2343A5AE00401B94 /* Resources */ = {
			isa = PBXResourcesBuildPhase;
			buildActionMask = 2147483647;
			files = (
			);
			runOnlyForDeploymentPostprocessing = 0;
		};
		6CF8F2EA2343A5AE00401B94 /* Resources */ = {
			isa = PBXResourcesBuildPhase;
			buildActionMask = 2147483647;
			files = (
			);
			runOnlyForDeploymentPostprocessing = 0;
		};
/* End PBXResourcesBuildPhase section */

/* Begin PBXSourcesBuildPhase section */
		6CF8F2C92343A5A400401B94 /* Sources */ = {
			isa = PBXSourcesBuildPhase;
			buildActionMask = 2147483647;
			files = (
				6CF8F2D32343A5A500401B94 /* ViewController.swift in Sources */,
				6CF8F2D12343A5A500401B94 /* AppDelegate.swift in Sources */,
			);
			runOnlyForDeploymentPostprocessing = 0;
		};
		6CF8F2DD2343A5AE00401B94 /* Sources */ = {
			isa = PBXSourcesBuildPhase;
			buildActionMask = 2147483647;
			files = (
				6CF8F2E62343A5AE00401B94 /* Final_Grade_CalculatorTests.swift in Sources */,
			);
			runOnlyForDeploymentPostprocessing = 0;
		};
		6CF8F2E82343A5AE00401B94 /* Sources */ = {
			isa = PBXSourcesBuildPhase;
			buildActionMask = 2147483647;
			files = (
				6CF8F2F12343A5AE00401B94 /* Final_Grade_CalculatorUITests.swift in Sources */,
			);
			runOnlyForDeploymentPostprocessing = 0;
		};
/* End PBXSourcesBuildPhase section */

/* Begin PBXTargetDependency section */
		6CF8F2E32343A5AE00401B94 /* PBXTargetDependency */ = {
			isa = PBXTargetDependency;
			target = 6CF8F2CC2343A5A400401B94 /* Final Grade Calculator */;
			targetProxy = 6CF8F2E22343A5AE00401B94 /* PBXContainerItemProxy */;
		};
		6CF8F2EE2343A5AE00401B94 /* PBXTargetDependency */ = {
			isa = PBXTargetDependency;
			target = 6CF8F2CC2343A5A400401B94 /* Final Grade Calculator */;
			targetProxy = 6CF8F2ED2343A5AE00401B94 /* PBXContainerItemProxy */;
		};
/* End PBXTargetDependency section */

/* Begin PBXVariantGroup section */
		6CF8F2D42343A5A500401B94 /* Main.storyboard */ = {
			isa = PBXVariantGroup;
			children = (
				6CF8F2D52343A5A500401B94 /* Base */,
			);
			name = Main.storyboard;
			sourceTree = "<group>";
		};
		6CF8F2D92343A5AE00401B94 /* LaunchScreen.storyboard */ = {
			isa = PBXVariantGroup;
			children = (
				6CF8F2DA2343A5AE00401B94 /* Base */,
			);
			name = LaunchScreen.storyboard;
			sourceTree = "<group>";
		};
/* End PBXVariantGroup section */

/* Begin XCBuildConfiguration section */
		6CF8F2F32343A5AE00401B94 /* Debug */ = {
			isa = XCBuildConfiguration;
			buildSettings = {
				ALWAYS_SEARCH_USER_PATHS = NO;
				CLANG_ANALYZER_NONNULL = YES;
				CLANG_ANALYZER_NUMBER_OBJECT_CONVERSION = YES_AGGRESSIVE;
				CLANG_CXX_LANGUAGE_STANDARD = "gnu++14";
				CLANG_CXX_LIBRARY = "libc++";
				CLANG_ENABLE_MODULES = YES;
				CLANG_ENABLE_OBJC_ARC = YES;
				CLANG_ENABLE_OBJC_WEAK = YES;
				CLANG_WARN_BLOCK_CAPTURE_AUTORELEASING = YES;
				CLANG_WARN_BOOL_CONVERSION = YES;
				CLANG_WARN_COMMA = YES;
				CLANG_WARN_CONSTANT_CONVERSION = YES;
				CLANG_WARN_DEPRECATED_OBJC_IMPLEMENTATIONS = YES;
				CLANG_WARN_DIRECT_OBJC_ISA_USAGE = YES_ERROR;
				CLANG_WARN_DOCUMENTATION_COMMENTS = YES;
				CLANG_WARN_EMPTY_BODY = YES;
				CLANG_WARN_ENUM_CONVERSION = YES;
				CLANG_WARN_INFINITE_RECURSION = YES;
				CLANG_WARN_INT_CONVERSION = YES;
				CLANG_WARN_NON_LITERAL_NULL_CONVERSION = YES;
				CLANG_WARN_OBJC_IMPLICIT_RETAIN_SELF = YES;
				CLANG_WARN_OBJC_LITERAL_CONVERSION = YES;
				CLANG_WARN_OBJC_ROOT_CLASS = YES_ERROR;
				CLANG_WARN_RANGE_LOOP_ANALYSIS = YES;
				CLANG_WARN_STRICT_PROTOTYPES = YES;
				CLANG_WARN_SUSPICIOUS_MOVE = YES;
				CLANG_WARN_UNGUARDED_AVAILABILITY = YES_AGGRESSIVE;
				CLANG_WARN_UNREACHABLE_CODE = YES;
				CLANG_WARN__DUPLICATE_METHOD_MATCH = YES;
				CODE_SIGN_IDENTITY = "iPhone Developer";
				COPY_PHASE_STRIP = NO;
				DEBUG_INFORMATION_FORMAT = dwarf;
				ENABLE_STRICT_OBJC_MSGSEND = YES;
				ENABLE_TESTABILITY = YES;
				GCC_C_LANGUAGE_STANDARD = gnu11;
				GCC_DYNAMIC_NO_PIC = NO;
				GCC_NO_COMMON_BLOCKS = YES;
				GCC_OPTIMIZATION_LEVEL = 0;
				GCC_PREPROCESSOR_DEFINITIONS = (
					"DEBUG=1",
					"$(inherited)",
				);
				GCC_WARN_64_TO_32_BIT_CONVERSION = YES;
				GCC_WARN_ABOUT_RETURN_TYPE = YES_ERROR;
				GCC_WARN_UNDECLARED_SELECTOR = YES;
				GCC_WARN_UNINITIALIZED_AUTOS = YES_AGGRESSIVE;
				GCC_WARN_UNUSED_FUNCTION = YES;
				GCC_WARN_UNUSED_VARIABLE = YES;
				IPHONEOS_DEPLOYMENT_TARGET = 12.4;
				MTL_ENABLE_DEBUG_INFO = INCLUDE_SOURCE;
				MTL_FAST_MATH = YES;
				ONLY_ACTIVE_ARCH = YES;
				SDKROOT = iphoneos;
				SWIFT_ACTIVE_COMPILATION_CONDITIONS = DEBUG;
				SWIFT_OPTIMIZATION_LEVEL = "-Onone";
			};
			name = Debug;
		};
		6CF8F2F42343A5AE00401B94 /* Release */ = {
			isa = XCBuildConfiguration;
			buildSettings = {
				ALWAYS_SEARCH_USER_PATHS = NO;
				CLANG_ANALYZER_NONNULL = YES;
				CLANG_ANALYZER_NUMBER_OBJECT_CONVERSION = YES_AGGRESSIVE;
				CLANG_CXX_LANGUAGE_STANDARD = "gnu++14";
				CLANG_CXX_LIBRARY = "libc++";
				CLANG_ENABLE_MODULES = YES;
				CLANG_ENABLE_OBJC_ARC = YES;
				CLANG_ENABLE_OBJC_WEAK = YES;
				CLANG_WARN_BLOCK_CAPTURE_AUTORELEASING = YES;
				CLANG_WARN_BOOL_CONVERSION = YES;
				CLANG_WARN_COMMA = YES;
				CLANG_WARN_CONSTANT_CONVERSION = YES;
				CLANG_WARN_DEPRECATED_OBJC_IMPLEMENTATIONS = YES;
				CLANG_WARN_DIRECT_OBJC_ISA_USAGE = YES_ERROR;
				CLANG_WARN_DOCUMENTATION_COMMENTS = YES;
				CLANG_WARN_EMPTY_BODY = YES;
				CLANG_WARN_ENUM_CONVERSION = YES;
				CLANG_WARN_INFINITE_RECURSION = YES;
				CLANG_WARN_INT_CONVERSION = YES;
				CLANG_WARN_NON_LITERAL_NULL_CONVERSION = YES;
				CLANG_WARN_OBJC_IMPLICIT_RETAIN_SELF = YES;
				CLANG_WARN_OBJC_LITERAL_CONVERSION = YES;
				CLANG_WARN_OBJC_ROOT_CLASS = YES_ERROR;
				CLANG_WARN_RANGE_LOOP_ANALYSIS = YES;
				CLANG_WARN_STRICT_PROTOTYPES = YES;
				CLANG_WARN_SUSPICIOUS_MOVE = YES;
				CLANG_WARN_UNGUARDED_AVAILABILITY = YES_AGGRESSIVE;
				CLANG_WARN_UNREACHABLE_CODE = YES;
				CLANG_WARN__DUPLICATE_METHOD_MATCH = YES;
				CODE_SIGN_IDENTITY = "iPhone Developer";
				COPY_PHASE_STRIP = NO;
				DEBUG_INFORMATION_FORMAT = "dwarf-with-dsym";
				ENABLE_NS_ASSERTIONS = NO;
				ENABLE_STRICT_OBJC_MSGSEND = YES;
				GCC_C_LANGUAGE_STANDARD = gnu11;
				GCC_NO_COMMON_BLOCKS = YES;
				GCC_WARN_64_TO_32_BIT_CONVERSION = YES;
				GCC_WARN_ABOUT_RETURN_TYPE = YES_ERROR;
				GCC_WARN_UNDECLARED_SELECTOR = YES;
				GCC_WARN_UNINITIALIZED_AUTOS = YES_AGGRESSIVE;
				GCC_WARN_UNUSED_FUNCTION = YES;
				GCC_WARN_UNUSED_VARIABLE = YES;
				IPHONEOS_DEPLOYMENT_TARGET = 12.4;
				MTL_ENABLE_DEBUG_INFO = NO;
				MTL_FAST_MATH = YES;
				SDKROOT = iphoneos;
				SWIFT_COMPILATION_MODE = wholemodule;
				SWIFT_OPTIMIZATION_LEVEL = "-O";
				VALIDATE_PRODUCT = YES;
			};
			name = Release;
		};
		6CF8F2F62343A5AE00401B94 /* Debug */ = {
			isa = XCBuildConfiguration;
			buildSettings = {
				ASSETCATALOG_COMPILER_APPICON_NAME = AppIcon;
				CODE_SIGN_STYLE = Automatic;
				DEVELOPMENT_TEAM = LX5DHS5BBF;
				INFOPLIST_FILE = "Final Grade Calculator/Info.plist";
				LD_RUNPATH_SEARCH_PATHS = (
					"$(inherited)",
					"@executable_path/Frameworks",
				);
				PRODUCT_BUNDLE_IDENTIFIER = "Zenith.Final-Grade-Calculator";
				PRODUCT_NAME = "$(TARGET_NAME)";
				SWIFT_VERSION = 5.0;
				TARGETED_DEVICE_FAMILY = "1,2";
			};
			name = Debug;
		};
		6CF8F2F72343A5AE00401B94 /* Release */ = {
			isa = XCBuildConfiguration;
			buildSettings = {
				ASSETCATALOG_COMPILER_APPICON_NAME = AppIcon;
				CODE_SIGN_STYLE = Automatic;
				DEVELOPMENT_TEAM = LX5DHS5BBF;
				INFOPLIST_FILE = "Final Grade Calculator/Info.plist";
				LD_RUNPATH_SEARCH_PATHS = (
					"$(inherited)",
					"@executable_path/Frameworks",
				);
				PRODUCT_BUNDLE_IDENTIFIER = "Zenith.Final-Grade-Calculator";
				PRODUCT_NAME = "$(TARGET_NAME)";
				SWIFT_VERSION = 5.0;
				TARGETED_DEVICE_FAMILY = "1,2";
			};
			name = Release;
		};
		6CF8F2F92343A5AE00401B94 /* Debug */ = {
			isa = XCBuildConfiguration;
			buildSettings = {
				ALWAYS_EMBED_SWIFT_STANDARD_LIBRARIES = YES;
				BUNDLE_LOADER = "$(TEST_HOST)";
				CODE_SIGN_STYLE = Automatic;
				DEVELOPMENT_TEAM = LX5DHS5BBF;
				INFOPLIST_FILE = "Final Grade CalculatorTests/Info.plist";
				LD_RUNPATH_SEARCH_PATHS = (
					"$(inherited)",
					"@executable_path/Frameworks",
					"@loader_path/Frameworks",
				);
				PRODUCT_BUNDLE_IDENTIFIER = "Zenith.Final-Grade-CalculatorTests";
				PRODUCT_NAME = "$(TARGET_NAME)";
				SWIFT_VERSION = 5.0;
				TARGETED_DEVICE_FAMILY = "1,2";
				TEST_HOST = "$(BUILT_PRODUCTS_DIR)/Final Grade Calculator.app/Final Grade Calculator";
			};
			name = Debug;
		};
		6CF8F2FA2343A5AE00401B94 /* Release */ = {
			isa = XCBuildConfiguration;
			buildSettings = {
				ALWAYS_EMBED_SWIFT_STANDARD_LIBRARIES = YES;
				BUNDLE_LOADER = "$(TEST_HOST)";
				CODE_SIGN_STYLE = Automatic;
				DEVELOPMENT_TEAM = LX5DHS5BBF;
				INFOPLIST_FILE = "Final Grade CalculatorTests/Info.plist";
				LD_RUNPATH_SEARCH_PATHS = (
					"$(inherited)",
					"@executable_path/Frameworks",
					"@loader_path/Frameworks",
				);
				PRODUCT_BUNDLE_IDENTIFIER = "Zenith.Final-Grade-CalculatorTests";
				PRODUCT_NAME = "$(TARGET_NAME)";
				SWIFT_VERSION = 5.0;
				TARGETED_DEVICE_FAMILY = "1,2";
				TEST_HOST = "$(BUILT_PRODUCTS_DIR)/Final Grade Calculator.app/Final Grade Calculator";
			};
			name = Release;
		};
		6CF8F2FC2343A5AE00401B94 /* Debug */ = {
			isa = XCBuildConfiguration;
			buildSettings = {
				ALWAYS_EMBED_SWIFT_STANDARD_LIBRARIES = YES;
				CODE_SIGN_STYLE = Automatic;
				DEVELOPMENT_TEAM = LX5DHS5BBF;
				INFOPLIST_FILE = "Final Grade CalculatorUITests/Info.plist";
				LD_RUNPATH_SEARCH_PATHS = (
					"$(inherited)",
					"@executable_path/Frameworks",
					"@loader_path/Frameworks",
				);
				PRODUCT_BUNDLE_IDENTIFIER = "Zenith.Final-Grade-CalculatorUITests";
				PRODUCT_NAME = "$(TARGET_NAME)";
				SWIFT_VERSION = 5.0;
				TARGETED_DEVICE_FAMILY = "1,2";
				TEST_TARGET_NAME = "Final Grade Calculator";
			};
			name = Debug;
		};
		6CF8F2FD2343A5AE00401B94 /* Release */ = {
			isa = XCBuildConfiguration;
			buildSettings = {
				ALWAYS_EMBED_SWIFT_STANDARD_LIBRARIES = YES;
				CODE_SIGN_STYLE = Automatic;
				DEVELOPMENT_TEAM = LX5DHS5BBF;
				INFOPLIST_FILE = "Final Grade CalculatorUITests/Info.plist";
				LD_RUNPATH_SEARCH_PATHS = (
					"$(inherited)",
					"@executable_path/Frameworks",
					"@loader_path/Frameworks",
				);
				PRODUCT_BUNDLE_IDENTIFIER = "Zenith.Final-Grade-CalculatorUITests";
				PRODUCT_NAME = "$(TARGET_NAME)";
				SWIFT_VERSION = 5.0;
				TARGETED_DEVICE_FAMILY = "1,2";
				TEST_TARGET_NAME = "Final Grade Calculator";
			};
			name = Release;
		};
/* End XCBuildConfiguration section */

/* Begin XCConfigurationList section */
		6CF8F2C82343A5A400401B94 /* Build configuration list for PBXProject "Final Grade Calculator" */ = {
			isa = XCConfigurationList;
			buildConfigurations = (
				6CF8F2F32343A5AE00401B94 /* Debug */,
				6CF8F2F42343A5AE00401B94 /* Release */,
			);
			defaultConfigurationIsVisible = 0;
			defaultConfigurationName = Release;
		};
		6CF8F2F52343A5AE00401B94 /* Build configuration list for PBXNativeTarget "Final Grade Calculator" */ = {
			isa = XCConfigurationList;
			buildConfigurations = (
				6CF8F2F62343A5AE00401B94 /* Debug */,
				6CF8F2F72343A5AE00401B94 /* Release */,
			);
			defaultConfigurationIsVisible = 0;
			defaultConfigurationName = Release;
		};
		6CF8F2F82343A5AE00401B94 /* Build configuration list for PBXNativeTarget "Final Grade CalculatorTests" */ = {
			isa = XCConfigurationList;
			buildConfigurations = (
				6CF8F2F92343A5AE00401B94 /* Debug */,
				6CF8F2FA2343A5AE00401B94 /* Release */,
			);
			defaultConfigurationIsVisible = 0;
			defaultConfigurationName = Release;
		};
		6CF8F2FB2343A5AE00401B94 /* Build configuration list for PBXNativeTarget "Final Grade CalculatorUITests" */ = {
			isa = XCConfigurationList;
			buildConfigurations = (
				6CF8F2FC2343A5AE00401B94 /* Debug */,
				6CF8F2FD2343A5AE00401B94 /* Release */,
			);
			defaultConfigurationIsVisible = 0;
			defaultConfigurationName = Release;
		};
/* End XCConfigurationList section */
	};
	rootObject = 6CF8F2C52343A5A400401B94 /* Project object */;
}
